<?xml version="1.0" encoding="utf-8"?>
<Project ToolsVersion="4.0" xmlns="http://schemas.microsoft.com/developer/msbuild/2003">
  <ItemGroup>
    <Filter Include="Source Files">
      <UniqueIdentifier>{c95133f7-2259-41a3-a423-62f8f6ade32f}</UniqueIdentifier>
      <Extensions>cpp;c;cxx;rc;def;r;odl;idl;hpj;bat</Extensions>
    </Filter>
    <Filter Include="Header Files">
      <UniqueIdentifier>{388d4732-062c-4271-b6df-0ce1d1cae07c}</UniqueIdentifier>
      <Extensions>h;hpp;hxx;hm;inl</Extensions>
    </Filter>
  </ItemGroup>
  <ItemGroup>
    <ClCompile Include="CharContour.cpp">
      <Filter>Source Files</Filter>
    </ClCompile>
    <ClCompile Include="CharCurve.cpp">
      <Filter>Source Files</Filter>
    </ClCompile>
    <ClCompile Include="CharOutline.cpp">
      <Filter>Source Files</Filter>
    </ClCompile>
    <ClCompile Include="CharVerticesBuffer.cpp">
      <Filter>Source Files</Filter>
    </ClCompile>
    <ClCompile Include="CodeTemplate.cpp">
      <Filter>Source Files</Filter>
    </ClCompile>
    <ClCompile Include="FWAlgorithm.cpp">
      <Filter>Source Files</Filter>
    </ClCompile>
    <ClCompile Include="FWArchive.cpp">
      <Filter>Source Files</Filter>
    </ClCompile>
    <ClCompile Include="FWArt.cpp">
      <Filter>Source Files</Filter>
    </ClCompile>
    <ClCompile Include="FWArtArc.cpp">
      <Filter>Source Files</Filter>
    </ClCompile>
    <ClCompile Include="FWArtCreator.cpp">
      <Filter>Source Files</Filter>
    </ClCompile>
    <ClCompile Include="FWArtDoubleArc.cpp">
      <Filter>Source Files</Filter>
    </ClCompile>
    <ClCompile Include="FWArtNoChange.cpp">
      <Filter>Source Files</Filter>
    </ClCompile>
    <ClCompile Include="FWArtStepScale.cpp">
      <Filter>Source Files</Filter>
    </ClCompile>
    <ClCompile Include="FWArtTilt.cpp">
      <Filter>Source Files</Filter>
    </ClCompile>
    <ClCompile Include="FWArtWave.cpp">
      <Filter>Source Files</Filter>
    </ClCompile>
    <ClCompile Include="FWAssemblyCache.cpp">
      <Filter>Source Files</Filter>
    </ClCompile>
    <ClCompile Include="FWAssemblyProfile.cpp">
      <Filter>Source Files</Filter>
    </ClCompile>
    <ClCompile Include="FWAssemblySet.cpp">
      <Filter>Source Files</Filter>
    </ClCompile>
    <ClCompile Include="FWAUIManager.cpp">
      <Filter>Source Files</Filter>
    </ClCompile>
    <ClCompile Include="FWCommand.cpp">
      <Filter>Source Files</Filter>
    </ClCompile>
    <ClCompile Include="FWCommandCombine.cpp">
      <Filter>Source Files</Filter>
    </ClCompile>
    <ClCompile Include="FWCommandCreate.cpp">
      <Filter>Source Files</Filter>
    </ClCompile>
    <ClCompile Include="FWCommandDelete.cpp">
      <Filter>Source Files</Filter>
    </ClCompile>
    <ClCompile Include="FWCommandDuplicateHandle.cpp">
      <Filter>Source Files</Filter>
    </ClCompile>
    <ClCompile Include="FWCommandList.cpp">
      <Filter>Source Files</Filter>
    </ClCompile>
    <ClCompile Include="FWCommandMove.cpp">
      <Filter>Source Files</Filter>
    </ClCompile>
    <ClCompile Include="FWCommandMoveHandle.cpp">
      <Filter>Source Files</Filter>
    </ClCompile>
    <ClCompile Include="FWCommandRemoveHandle.cpp">
      <Filter>Source Files</Filter>
    </ClCompile>
    <ClCompile Include="FWCommandResize.cpp">
      <Filter>Source Files</Filter>
    </ClCompile>
    <ClCompile Include="FWCommandRotate.cpp">
      <Filter>Source Files</Filter>
    </ClCompile>
    <ClCompile Include="FWCommandSetBezierMode.cpp">
      <Filter>Source Files</Filter>
    </ClCompile>
    <ClCompile Include="FWCommandSetGlyphProp.cpp">
      <Filter>Source Files</Filter>
    </ClCompile>
    <ClCompile Include="FWCommandUnCombine.cpp">
      <Filter>Source Files</Filter>
    </ClCompile>
    <ClCompile Include="FWDialogBase.cpp">
      <Filter>Source Files</Filter>
    </ClCompile>
    <ClCompile Include="FWDialogBezierMenu.cpp">
      <Filter>Source Files</Filter>
    </ClCompile>
    <ClCompile Include="FWDialogBoard.cpp">
      <Filter>Source Files</Filter>
    </ClCompile>
    <ClCompile Include="FWDialogCustom.cpp">
      <Filter>Source Files</Filter>
    </ClCompile>
    <ClCompile Include="FWDialogEdit.cpp">
      <Filter>Source Files</Filter>
    </ClCompile>
    <ClCompile Include="FWDialogGraph.cpp">
      <Filter>Source Files</Filter>
    </ClCompile>
    <ClCompile Include="FWDialogGraphMenu.cpp">
      <Filter>Source Files</Filter>
    </ClCompile>
    <ClCompile Include="FWDialogLanch.cpp">
      <Filter>Source Files</Filter>
    </ClCompile>
    <ClCompile Include="FWDialogMain.cpp">
      <Filter>Source Files</Filter>
    </ClCompile>
    <ClCompile Include="FWDialogParam.cpp">
      <Filter>Source Files</Filter>
    </ClCompile>
    <ClCompile Include="FWDialogPlay.cpp">
      <Filter>Source Files</Filter>
    </ClCompile>
    <ClCompile Include="FWDialogPolygonMenu.cpp">
      <Filter>Source Files</Filter>
    </ClCompile>
    <ClCompile Include="FWDialogPropBase.cpp">
      <Filter>Source Files</Filter>
    </ClCompile>
    <ClCompile Include="FWDialogScale.cpp">
      <Filter>Source Files</Filter>
    </ClCompile>
    <ClCompile Include="FWDialogSimple.cpp">
      <Filter>Source Files</Filter>
    </ClCompile>
    <ClCompile Include="FWDialogText.cpp">
      <Filter>Source Files</Filter>
    </ClCompile>
    <ClCompile Include="FWDialogTool.cpp">
      <Filter>Source Files</Filter>
    </ClCompile>
    <ClCompile Include="FWDoc.cpp">
      <Filter>Source Files</Filter>
    </ClCompile>
    <ClCompile Include="FWFirework.cpp">
      <Filter>Source Files</Filter>
    </ClCompile>
    <ClCompile Include="FWFireworkCustom.cpp">
      <Filter>Source Files</Filter>
    </ClCompile>
    <ClCompile Include="FWFireworkElement.cpp">
      <Filter>Source Files</Filter>
    </ClCompile>
    <ClCompile Include="FWFireworkGraph.cpp">
      <Filter>Source Files</Filter>
    </ClCompile>
    <ClCompile Include="FWFireworkLanch.cpp">
      <Filter>Source Files</Filter>
    </ClCompile>
    <ClCompile Include="FWFireworkLeaf.cpp">
      <Filter>Source Files</Filter>
    </ClCompile>
    <ClCompile Include="FWFireworkSimple.cpp">
      <Filter>Source Files</Filter>
    </ClCompile>
    <ClCompile Include="FWFlatCollector.cpp">
      <Filter>Source Files</Filter>
    </ClCompile>
    <ClCompile Include="FWFontEnum.cpp">
      <Filter>Source Files</Filter>
    </ClCompile>
    <ClCompile Include="FWFormula.cpp">
      <Filter>Source Files</Filter>
    </ClCompile>
    <ClCompile Include="FWFormulaElement.cpp">
      <Filter>Source Files</Filter>
    </ClCompile>
    <ClCompile Include="FWFormulaList.cpp">
      <Filter>Source Files</Filter>
    </ClCompile>
    <ClCompile Include="FWGfxWithModifier.cpp">
      <Filter>Source Files</Filter>
    </ClCompile>
    <ClCompile Include="FWGlyph.cpp">
      <Filter>Source Files</Filter>
    </ClCompile>
    <ClCompile Include="FWGlyphBezier.cpp">
      <Filter>Source Files</Filter>
    </ClCompile>
    <ClCompile Include="FWGlyphComposite.cpp">
      <Filter>Source Files</Filter>
    </ClCompile>
    <ClCompile Include="FWGlyphEllipse.cpp">
      <Filter>Source Files</Filter>
    </ClCompile>
    <ClCompile Include="FWGlyphFirework.cpp">
      <Filter>Source Files</Filter>
    </ClCompile>
    <ClCompile Include="FWGlyphGraphBase.cpp">
      <Filter>Source Files</Filter>
    </ClCompile>
    <ClCompile Include="FWGlyphList.cpp">
      <Filter>Source Files</Filter>
    </ClCompile>
    <ClCompile Include="FWGlyphPolygon.cpp">
      <Filter>Source Files</Filter>
    </ClCompile>
    <ClCompile Include="FWGlyphRectangle.cpp">
      <Filter>Source Files</Filter>
    </ClCompile>
    <ClCompile Include="FWGlyphRectBase.cpp">
      <Filter>Source Files</Filter>
    </ClCompile>
    <ClCompile Include="FWGlyphText.cpp">
      <Filter>Source Files</Filter>
    </ClCompile>
    <ClCompile Include="FWInnerProperty.cpp">
      <Filter>Source Files</Filter>
    </ClCompile>
    <ClCompile Include="FWLog.cpp">
      <Filter>Source Files</Filter>
    </ClCompile>
    <ClCompile Include="FWManager.cpp">
      <Filter>Source Files</Filter>
    </ClCompile>
    <ClCompile Include="FWModifier.cpp">
      <Filter>Source Files</Filter>
    </ClCompile>
    <ClCompile Include="FWModifierCreator.cpp">
      <Filter>Source Files</Filter>
    </ClCompile>
    <ClCompile Include="FWModifierParabola.cpp">
      <Filter>Source Files</Filter>
    </ClCompile>
    <ClCompile Include="FWModifierRing.cpp">
      <Filter>Source Files</Filter>
    </ClCompile>
    <ClCompile Include="FWObject.cpp">
      <Filter>Source Files</Filter>
    </ClCompile>
    <ClCompile Include="FWOperand.cpp">
      <Filter>Source Files</Filter>
    </ClCompile>
    <ClCompile Include="FWOperator.cpp">
      <Filter>Source Files</Filter>
    </ClCompile>
    <ClCompile Include="FWOutterProperty.cpp">
      <Filter>Source Files</Filter>
    </ClCompile>
    <ClCompile Include="FWParam.cpp">
      <Filter>Source Files</Filter>
    </ClCompile>
    <ClCompile Include="FWParticalQuota.cpp">
      <Filter>Source Files</Filter>
    </ClCompile>
    <ClCompile Include="FWParticalQuotaList.cpp">
      <Filter>Source Files</Filter>
    </ClCompile>
    <ClCompile Include="FWPlayer.cpp">
      <Filter>Source Files</Filter>
    </ClCompile>
    <ClCompile Include="FWRuntimeClass.cpp">
      <Filter>Source Files</Filter>
    </ClCompile>
    <ClCompile Include="FWSharedFile.cpp">
      <Filter>Source Files</Filter>
    </ClCompile>
    <ClCompile Include="FWState.cpp">
      <Filter>Source Files</Filter>
    </ClCompile>
    <ClCompile Include="FWStateCreateBezier.cpp">
      <Filter>Source Files</Filter>
    </ClCompile>
    <ClCompile Include="FWStateCreateFirework.cpp">
      <Filter>Source Files</Filter>
    </ClCompile>
    <ClCompile Include="FWStateCreatePolygon.cpp">
      <Filter>Source Files</Filter>
    </ClCompile>
    <ClCompile Include="FWStateCreateRect.cpp">
      <Filter>Source Files</Filter>
    </ClCompile>
    <ClCompile Include="FWStateCreateText.cpp">
      <Filter>Source Files</Filter>
    </ClCompile>
    <ClCompile Include="FWStateMove.cpp">
      <Filter>Source Files</Filter>
    </ClCompile>
    <ClCompile Include="FWStateMoveHandle.cpp">
      <Filter>Source Files</Filter>
    </ClCompile>
    <ClCompile Include="FWStateMoveWindow.cpp">
      <Filter>Source Files</Filter>
    </ClCompile>
    <ClCompile Include="FWStateNetSelect.cpp">
      <Filter>Source Files</Filter>
    </ClCompile>
    <ClCompile Include="FWStateResize.cpp">
      <Filter>Source Files</Filter>
    </ClCompile>
    <ClCompile Include="FWStateRotate.cpp">
      <Filter>Source Files</Filter>
    </ClCompile>
    <ClCompile Include="FWStateSelect.cpp">
      <Filter>Source Files</Filter>
    </ClCompile>
    <ClCompile Include="FWStream.cpp">
      <Filter>Source Files</Filter>
    </ClCompile>
    <ClCompile Include="FWTemplate.cpp">
      <Filter>Source Files</Filter>
    </ClCompile>
    <ClCompile Include="FWTextMesh.cpp">
      <Filter>Source Files</Filter>
    </ClCompile>
    <ClCompile Include="FWView.cpp">
      <Filter>Source Files</Filter>
    </ClCompile>
    <ClCompile Include="GLUContour.cpp">
      <Filter>Source Files</Filter>
    </ClCompile>
    <ClCompile Include="GLUPolygon.cpp">
      <Filter>Source Files</Filter>
    </ClCompile>
    <ClCompile Include="GLUTess.cpp">
      <Filter>Source Files</Filter>
    </ClCompile>
    <ClCompile Include="Mesh.cpp">
      <Filter>Source Files</Filter>
    </ClCompile>
    <ClCompile Include="Triangle.cpp">
      <Filter>Source Files</Filter>
    </ClCompile>
  </ItemGroup>
  <ItemGroup>
    <ClInclude Include="CharContour.h">
      <Filter>Header Files</Filter>
    </ClInclude>
    <ClInclude Include="CharCurve.h">
      <Filter>Header Files</Filter>
    </ClInclude>
    <ClInclude Include="CharOutline.h">
      <Filter>Header Files</Filter>
    </ClInclude>
    <ClInclude Include="CharVerticesBuffer.h">
      <Filter>Header Files</Filter>
    </ClInclude>
    <ClInclude Include="CodeTemplate.h">
      <Filter>Header Files</Filter>
    </ClInclude>
    <ClInclude Include="FWAlgorithm.h">
      <Filter>Header Files</Filter>
    </ClInclude>
    <ClInclude Include="FWArchive.h">
      <Filter>Header Files</Filter>
    </ClInclude>
    <ClInclude Include="FWArray.h">
      <Filter>Header Files</Filter>
    </ClInclude>
    <ClInclude Include="FWArt.h">
      <Filter>Header Files</Filter>
    </ClInclude>
    <ClInclude Include="FWArtArc.h">
      <Filter>Header Files</Filter>
    </ClInclude>
    <ClInclude Include="FWArtCreator.h">
      <Filter>Header Files</Filter>
    </ClInclude>
    <ClInclude Include="FWArtDoubleArc.h">
      <Filter>Header Files</Filter>
    </ClInclude>
    <ClInclude Include="FWArtNoChange.h">
      <Filter>Header Files</Filter>
    </ClInclude>
    <ClInclude Include="FWArtStepScale.h">
      <Filter>Header Files</Filter>
    </ClInclude>
    <ClInclude Include="FWArtTilt.h">
      <Filter>Header Files</Filter>
    </ClInclude>
    <ClInclude Include="FWArtWave.h">
      <Filter>Header Files</Filter>
    </ClInclude>
    <ClInclude Include="FWAssemblyCache.h">
      <Filter>Header Files</Filter>
    </ClInclude>
    <ClInclude Include="FWAssemblyProfile.h">
      <Filter>Header Files</Filter>
    </ClInclude>
    <ClInclude Include="FWAssemblySet.h">
      <Filter>Header Files</Filter>
    </ClInclude>
    <ClInclude Include="FWAUIManager.h">
      <Filter>Header Files</Filter>
    </ClInclude>
    <ClInclude Include="FWCommand.h">
      <Filter>Header Files</Filter>
    </ClInclude>
    <ClInclude Include="FWCommandCombine.h">
      <Filter>Header Files</Filter>
    </ClInclude>
    <ClInclude Include="FWCommandCreate.h">
      <Filter>Header Files</Filter>
    </ClInclude>
    <ClInclude Include="FWCommandDelete.h">
      <Filter>Header Files</Filter>
    </ClInclude>
    <ClInclude Include="FWCommandDuplicateHandle.h">
      <Filter>Header Files</Filter>
    </ClInclude>
    <ClInclude Include="FWCommandList.h">
      <Filter>Header Files</Filter>
    </ClInclude>
    <ClInclude Include="FWCommandMove.h">
      <Filter>Header Files</Filter>
    </ClInclude>
    <ClInclude Include="FWCommandMoveHandle.h">
      <Filter>Header Files</Filter>
    </ClInclude>
    <ClInclude Include="FWCommandRemoveHandle.h">
      <Filter>Header Files</Filter>
    </ClInclude>
    <ClInclude Include="FWCommandResize.h">
      <Filter>Header Files</Filter>
    </ClInclude>
    <ClInclude Include="FWCommandRotate.h">
      <Filter>Header Files</Filter>
    </ClInclude>
    <ClInclude Include="FWCommandSetBezierMode.h">
      <Filter>Header Files</Filter>
    </ClInclude>
    <ClInclude Include="FWCommandSetGlyphProp.h">
      <Filter>Header Files</Filter>
    </ClInclude>
    <ClInclude Include="FWCommandUnCombine.h">
      <Filter>Header Files</Filter>
    </ClInclude>
    <ClInclude Include="FWConfig.h">
      <Filter>Header Files</Filter>
    </ClInclude>
    <ClInclude Include="FWDefinedMsg.h">
      <Filter>Header Files</Filter>
    </ClInclude>
    <ClInclude Include="FWDialogBase.h">
      <Filter>Header Files</Filter>
    </ClInclude>
    <ClInclude Include="FWDialogBezierMenu.h">
      <Filter>Header Files</Filter>
    </ClInclude>
    <ClInclude Include="FWDialogBoard.h">
      <Filter>Header Files</Filter>
    </ClInclude>
    <ClInclude Include="FWDialogCustom.h">
      <Filter>Header Files</Filter>
    </ClInclude>
    <ClInclude Include="FWDialogEdit.h">
      <Filter>Header Files</Filter>
    </ClInclude>
    <ClInclude Include="FWDialogGraph.h">
      <Filter>Header Files</Filter>
    </ClInclude>
    <ClInclude Include="FWDialogGraphMenu.h">
      <Filter>Header Files</Filter>
    </ClInclude>
    <ClInclude Include="FWDialogLanch.h">
      <Filter>Header Files</Filter>
    </ClInclude>
    <ClInclude Include="FWDialogMain.h">
      <Filter>Header Files</Filter>
    </ClInclude>
    <ClInclude Include="FWDialogParam.h">
      <Filter>Header Files</Filter>
    </ClInclude>
    <ClInclude Include="FWDialogPlay.h">
      <Filter>Header Files</Filter>
    </ClInclude>
    <ClInclude Include="FWDialogPolygonMenu.h">
      <Filter>Header Files</Filter>
    </ClInclude>
    <ClInclude Include="FWDialogPropBase.h">
      <Filter>Header Files</Filter>
    </ClInclude>
    <ClInclude Include="FWDialogScale.h">
      <Filter>Header Files</Filter>
    </ClInclude>
    <ClInclude Include="FWDialogSimple.h">
      <Filter>Header Files</Filter>
    </ClInclude>
    <ClInclude Include="FWDialogText.h">
      <Filter>Header Files</Filter>
    </ClInclude>
    <ClInclude Include="FWDialogTool.h">
      <Filter>Header Files</Filter>
    </ClInclude>
    <ClInclude Include="FWDoc.h">
      <Filter>Header Files</Filter>
    </ClInclude>
    <ClInclude Include="FWFirework.h">
      <Filter>Header Files</Filter>
    </ClInclude>
    <ClInclude Include="FWFireworkCustom.h">
      <Filter>Header Files</Filter>
    </ClInclude>
    <ClInclude Include="FWFireworkElement.h">
      <Filter>Header Files</Filter>
    </ClInclude>
    <ClInclude Include="FWFireworkGraph.h">
      <Filter>Header Files</Filter>
    </ClInclude>
    <ClInclude Include="FWFireworkLanch.h">
      <Filter>Header Files</Filter>
    </ClInclude>
    <ClInclude Include="FWFireworkLeaf.h">
      <Filter>Header Files</Filter>
    </ClInclude>
    <ClInclude Include="FWFireworkSimple.h">
      <Filter>Header Files</Filter>
    </ClInclude>
    <ClInclude Include="FWFlatCollector.h">
      <Filter>Header Files</Filter>
    </ClInclude>
    <ClInclude Include="FWFontEnum.h">
      <Filter>Header Files</Filter>
    </ClInclude>
    <ClInclude Include="FWFormula.h">
      <Filter>Header Files</Filter>
    </ClInclude>
    <ClInclude Include="FWFormulaElement.h">
      <Filter>Header Files</Filter>
    </ClInclude>
    <ClInclude Include="FWFormulaList.h">
      <Filter>Header Files</Filter>
    </ClInclude>
    <ClInclude Include="FWGfxWithModifier.h">
      <Filter>Header Files</Filter>
    </ClInclude>
    <ClInclude Include="FWGlyph.h">
      <Filter>Header Files</Filter>
    </ClInclude>
    <ClInclude Include="FWGlyphBezier.h">
      <Filter>Header Files</Filter>
    </ClInclude>
    <ClInclude Include="FWGlyphComposite.h">
      <Filter>Header Files</Filter>
    </ClInclude>
    <ClInclude Include="FWGlyphEllipse.h">
      <Filter>Header Files</Filter>
    </ClInclude>
    <ClInclude Include="FWGlyphFirework.h">
      <Filter>Header Files</Filter>
    </ClInclude>
    <ClInclude Include="FWGlyphGraphBase.h">
      <Filter>Header Files</Filter>
    </ClInclude>
    <ClInclude Include="FWGlyphList.h">
      <Filter>Header Files</Filter>
    </ClInclude>
    <ClInclude Include="FWGlyphPolygon.h">
      <Filter>Header Files</Filter>
    </ClInclude>
    <ClInclude Include="FWGlyphRectangle.h">
      <Filter>Header Files</Filter>
    </ClInclude>
    <ClInclude Include="FWGlyphRectBase.h">
      <Filter>Header Files</Filter>
    </ClInclude>
    <ClInclude Include="FWGlyphText.h">
      <Filter>Header Files</Filter>
    </ClInclude>
    <ClInclude Include="FWInfoSet.h">
      <Filter>Header Files</Filter>
    </ClInclude>
    <ClInclude Include="FWInnerProperty.h">
      <Filter>Header Files</Filter>
    </ClInclude>
    <ClInclude Include="FWLog.h">
      <Filter>Header Files</Filter>
    </ClInclude>
    <ClInclude Include="FWManager.h">
      <Filter>Header Files</Filter>
    </ClInclude>
    <ClInclude Include="FWModifier.h">
      <Filter>Header Files</Filter>
    </ClInclude>
    <ClInclude Include="FWModifierCreator.h">
      <Filter>Header Files</Filter>
    </ClInclude>
    <ClInclude Include="FWModifierParabola.h">
      <Filter>Header Files</Filter>
    </ClInclude>
    <ClInclude Include="FWModifierRing.h">
      <Filter>Header Files</Filter>
    </ClInclude>
    <ClInclude Include="FWObject.h">
      <Filter>Header Files</Filter>
    </ClInclude>
    <ClInclude Include="FWObPtrList.h">
      <Filter>Header Files</Filter>
    </ClInclude>
    <ClInclude Include="FWOperand.h">
      <Filter>Header Files</Filter>
    </ClInclude>
    <ClInclude Include="FWOperator.h">
      <Filter>Header Files</Filter>
    </ClInclude>
    <ClInclude Include="FWOutterProperty.h">
      <Filter>Header Files</Filter>
    </ClInclude>
    <ClInclude Include="FWParam.h">
      <Filter>Header Files</Filter>
    </ClInclude>
    <ClInclude Include="FWParticalQuota.h">
      <Filter>Header Files</Filter>
    </ClInclude>
    <ClInclude Include="FWParticalQuotaList.h">
      <Filter>Header Files</Filter>
    </ClInclude>
    <ClInclude Include="FWPlayer.h">
      <Filter>Header Files</Filter>
    </ClInclude>
    <ClInclude Include="FWRuntimeClass.h">
      <Filter>Header Files</Filter>
    </ClInclude>
    <ClInclude Include="FWSharedFile.h">
      <Filter>Header Files</Filter>
    </ClInclude>
    <ClInclude Include="FWState.h">
      <Filter>Header Files</Filter>
    </ClInclude>
    <ClInclude Include="FWStateCreateBezier.h">
      <Filter>Header Files</Filter>
    </ClInclude>
    <ClInclude Include="FWStateCreateFirework.h">
      <Filter>Header Files</Filter>
    </ClInclude>
    <ClInclude Include="FWStateCreatePolygon.h">
      <Filter>Header Files</Filter>
    </ClInclude>
    <ClInclude Include="FWStateCreateRect.h">
      <Filter>Header Files</Filter>
    </ClInclude>
    <ClInclude Include="FWStateCreateText.h">
      <Filter>Header Files</Filter>
    </ClInclude>
    <ClInclude Include="FWStateMove.h">
      <Filter>Header Files</Filter>
    </ClInclude>
    <ClInclude Include="FWStateMoveHandle.h">
      <Filter>Header Files</Filter>
    </ClInclude>
    <ClInclude Include="FWStateMoveWindow.h">
      <Filter>Header Files</Filter>
    </ClInclude>
    <ClInclude Include="FWStateNetSelect.h">
      <Filter>Header Files</Filter>
    </ClInclude>
    <ClInclude Include="FWStateResize.h">
      <Filter>Header Files</Filter>
    </ClInclude>
    <ClInclude Include="FWStateRotate.h">
      <Filter>Header Files</Filter>
    </ClInclude>
    <ClInclude Include="FWStateSelect.h">
      <Filter>Header Files</Filter>
    </ClInclude>
    <ClInclude Include="FWStream.h">
      <Filter>Header Files</Filter>
    </ClInclude>
    <ClInclude Include="FWTemplate.h">
      <Filter>Header Files</Filter>
    </ClInclude>
    <ClInclude Include="FWTextMesh.h">
      <Filter>Header Files</Filter>
    </ClInclude>
    <ClInclude Include="FWView.h">
      <Filter>Header Files</Filter>
    </ClInclude>
    <ClInclude Include="Global.h">
      <Filter>Header Files</Filter>
    </ClInclude>
    <ClInclude Include="GLUContour.h">
      <Filter>Header Files</Filter>
    </ClInclude>
    <ClInclude Include="GLUPolygon.h">
      <Filter>Header Files</Filter>
    </ClInclude>
    <ClInclude Include="GLUTess.h">
      <Filter>Header Files</Filter>
    </ClInclude>
    <ClInclude Include="Mesh.h">
      <Filter>Header Files</Filter>
    </ClInclude>
    <ClInclude Include="Triangle.h">
      <Filter>Header Files</Filter>
    </ClInclude>
  </ItemGroup>
  <ItemGroup>
    <Text Include="Readme.txt" />
  </ItemGroup>
</Project>