<?xml version="1.0" encoding="utf-8"?>
<Project ToolsVersion="4.0" xmlns="http://schemas.microsoft.com/developer/msbuild/2003">
  <ItemGroup>
    <Filter Include="Source Files">
      <UniqueIdentifier>{70e7eb33-add3-4f8d-a7d3-325364abfac1}</UniqueIdentifier>
      <Extensions>cpp;c;cxx;rc;def;r;odl;hpj;bat;for;f90</Extensions>
    </Filter>
    <Filter Include="Header Files">
      <UniqueIdentifier>{961e00be-f03c-4c97-98dc-a6d90cd606f5}</UniqueIdentifier>
      <Extensions>h;hpp;hxx;hm;inl;fi;fd</Extensions>
    </Filter>
    <Filter Include="Resource Files">
      <UniqueIdentifier>{0d6fde69-3843-4aab-9c13-e67cd71571c8}</UniqueIdentifier>
      <Extensions>ico;cur;bmp;dlg;rc2;rct;bin;cnt;rtf;gif;jpg;jpeg;jpe</Extensions>
    </Filter>
  </ItemGroup>
  <ItemGroup>
    <ClCompile Include="png.c">
      <Filter>Source Files</Filter>
    </ClCompile>
    <ClCompile Include="pngerror.c">
      <Filter>Source Files</Filter>
    </ClCompile>
    <ClCompile Include="pngget.c">
      <Filter>Source Files</Filter>
    </ClCompile>
    <ClCompile Include="pngmem.c">
      <Filter>Source Files</Filter>
    </ClCompile>
    <ClCompile Include="pngpread.c">
      <Filter>Source Files</Filter>
    </ClCompile>
    <ClCompile Include="pngread.c">
      <Filter>Source Files</Filter>
    </ClCompile>
    <ClCompile Include="pngrio.c">
      <Filter>Source Files</Filter>
    </ClCompile>
    <ClCompile Include="pngrtran.c">
      <Filter>Source Files</Filter>
    </ClCompile>
    <ClCompile Include="pngrutil.c">
      <Filter>Source Files</Filter>
    </ClCompile>
    <ClCompile Include="pngset.c">
      <Filter>Source Files</Filter>
    </ClCompile>
    <ClCompile Include="pngtrans.c">
      <Filter>Source Files</Filter>
    </ClCompile>
    <ClCompile Include="pngvcrd.c">
      <Filter>Source Files</Filter>
    </ClCompile>
    <ClCompile Include="pngwio.c">
      <Filter>Source Files</Filter>
    </ClCompile>
    <ClCompile Include="pngwrite.c">
      <Filter>Source Files</Filter>
    </ClCompile>
    <ClCompile Include="pngwtran.c">
      <Filter>Source Files</Filter>
    </ClCompile>
    <ClCompile Include="pngwutil.c">
      <Filter>Source Files</Filter>
    </ClCompile>
  </ItemGroup>
  <ItemGroup>
    <ClInclude Include="png.h">
      <Filter>Header Files</Filter>
    </ClInclude>
    <ClInclude Include="pngconf.h">
      <Filter>Header Files</Filter>
    </ClInclude>
  </ItemGroup>
</Project>