
Microsoft Visual Studio Solution File, Format Version 9.00
# Visual Studio 2005
Project("{8BC9CEB8-8B4A-11D0-8D11-00A0C91BC942}") = "ElementIconTool", "ElementIconTool.vcproj", "{FC223CA0-68FA-4FA7-9014-5CA743B1371A}"
EndProject
Global
	GlobalSection(SourceCodeControl) = preSolution
		SccNumberOfProjects = 1
		SccProjectUniqueName0 = ElementIconTool.vcproj
		SccProjectName0 = \u0022$/SMElement\u0022,\u0020RIDAAAAA
		SccLocalPath0 = ..
		SccProvider0 = MSSCCI:Microsoft\u0020Visual\u0020SourceSafe
		SccProjectFilePathRelativizedFromConnection0 = CElementIconTool\\
	EndGlobalSection
	GlobalSection(SolutionConfigurationPlatforms) = preSolution
		Debug|Win32 = Debug|Win32
		Release|Win32 = Release|Win32
	EndGlobalSection
	GlobalSection(ProjectConfigurationPlatforms) = postSolution
		{FC223CA0-68FA-4FA7-9014-5CA743B1371A}.Debug|Win32.ActiveCfg = Debug|Win32
		{FC223CA0-68FA-4FA7-9014-5CA743B1371A}.Debug|Win32.Build.0 = Debug|Win32
		{FC223CA0-68FA-4FA7-9014-5CA743B1371A}.Release|Win32.ActiveCfg = Release|Win32
		{FC223CA0-68FA-4FA7-9014-5CA743B1371A}.Release|Win32.Build.0 = Release|Win32
	EndGlobalSection
	GlobalSection(SolutionProperties) = preSolution
		HideSolutionNode = FALSE
	EndGlobalSection
EndGlobal
