<?xml version="1.0" encoding="utf-8"?>
<Project ToolsVersion="4.0" xmlns="http://schemas.microsoft.com/developer/msbuild/2003">
  <ItemGroup>
    <Filter Include="Source Files">
      <UniqueIdentifier>{4FC737F1-C7A5-4376-A066-2A32D752A2FF}</UniqueIdentifier>
      <Extensions>cpp;c;cc;cxx;def;odl;idl;hpj;bat;asm;asmx</Extensions>
    </Filter>
    <Filter Include="Header Files">
      <UniqueIdentifier>{93995380-89BD-4b04-88EB-625FBE52EBFB}</UniqueIdentifier>
      <Extensions>h;hpp;hxx;hm;inl;inc;xsd</Extensions>
    </Filter>
    <Filter Include="Resource Files">
      <UniqueIdentifier>{67DA6AB6-F800-4c08-8B7A-83BB121AAD01}</UniqueIdentifier>
      <Extensions>rc;ico;cur;bmp;dlg;rc2;rct;bin;rgs;gif;jpg;jpeg;jpe;resx;tiff;tif;png;wav</Extensions>
    </Filter>
    <Filter Include="XML">
      <UniqueIdentifier>{5239f92a-286e-4430-ab66-7723d608720a}</UniqueIdentifier>
    </Filter>
  </ItemGroup>
  <ItemGroup>
    <ClCompile Include="FAudio.cpp">
      <Filter>Source Files</Filter>
    </ClCompile>
    <ClCompile Include="FAudioBank.cpp">
      <Filter>Source Files</Filter>
    </ClCompile>
    <ClCompile Include="FAudioBankArchive.cpp">
      <Filter>Source Files</Filter>
    </ClCompile>
    <ClCompile Include="FAudioContainer.cpp">
      <Filter>Source Files</Filter>
    </ClCompile>
    <ClCompile Include="FAudioEngine.cpp">
      <Filter>Source Files</Filter>
    </ClCompile>
    <ClCompile Include="FAudioGroup.cpp">
      <Filter>Source Files</Filter>
    </ClCompile>
    <ClCompile Include="FAudioInstance.cpp">
      <Filter>Source Files</Filter>
    </ClCompile>
    <ClCompile Include="FAudioInstanceManager.cpp">
      <Filter>Source Files</Filter>
    </ClCompile>
    <ClCompile Include="FAudioManager.cpp">
      <Filter>Source Files</Filter>
    </ClCompile>
    <ClCompile Include="FAudioTemplate.cpp">
      <Filter>Source Files</Filter>
    </ClCompile>
    <ClCompile Include="FCriticalSectionWrapper.cpp">
      <Filter>Source Files</Filter>
    </ClCompile>
    <ClCompile Include="FCurve.cpp">
      <Filter>Source Files</Filter>
    </ClCompile>
    <ClCompile Include="FEffect.cpp">
      <Filter>Source Files</Filter>
    </ClCompile>
    <ClCompile Include="FEffectFactory.cpp">
      <Filter>Source Files</Filter>
    </ClCompile>
    <ClCompile Include="FEvent.cpp">
      <Filter>Source Files</Filter>
    </ClCompile>
    <ClCompile Include="FEventGroup.cpp">
      <Filter>Source Files</Filter>
    </ClCompile>
    <ClCompile Include="FEventInstance.cpp">
      <Filter>Source Files</Filter>
    </ClCompile>
    <ClCompile Include="FEventLayer.cpp">
      <Filter>Source Files</Filter>
    </ClCompile>
    <ClCompile Include="FEventLayerInstance.cpp">
      <Filter>Source Files</Filter>
    </ClCompile>
    <ClCompile Include="FEventManager.cpp">
      <Filter>Source Files</Filter>
    </ClCompile>
    <ClCompile Include="FEventParameter.cpp">
      <Filter>Source Files</Filter>
    </ClCompile>
    <ClCompile Include="FEventProject.cpp">
      <Filter>Source Files</Filter>
    </ClCompile>
    <ClCompile Include="FEventSystem.cpp">
      <Filter>Source Files</Filter>
    </ClCompile>
    <ClCompile Include="FGuid.cpp">
      <Filter>Source Files</Filter>
    </ClCompile>
    <ClCompile Include="FIntervalManager.cpp">
      <Filter>Source Files</Filter>
    </ClCompile>
    <ClCompile Include="FLog.cpp">
      <Filter>Source Files</Filter>
    </ClCompile>
    <ClCompile Include="FLogManager.cpp">
      <Filter>Source Files</Filter>
    </ClCompile>
    <ClCompile Include="FPropCurves.cpp">
      <Filter>Source Files</Filter>
    </ClCompile>
    <ClCompile Include="FReverb.cpp">
      <Filter>Source Files</Filter>
    </ClCompile>
    <ClCompile Include="FReverbDataManager.cpp">
      <Filter>Source Files</Filter>
    </ClCompile>
    <ClCompile Include="FSoundDef.cpp">
      <Filter>Source Files</Filter>
    </ClCompile>
    <ClCompile Include="FSoundDefArchive.cpp">
      <Filter>Source Files</Filter>
    </ClCompile>
    <ClCompile Include="FSoundDefManager.cpp">
      <Filter>Source Files</Filter>
    </ClCompile>
    <ClCompile Include="FSoundInstance.cpp">
      <Filter>Source Files</Filter>
    </ClCompile>
    <ClCompile Include="FSoundInstanceTemplate.cpp">
      <Filter>Source Files</Filter>
    </ClCompile>
    <ClCompile Include="FSoundPlayList.cpp">
      <Filter>Source Files</Filter>
    </ClCompile>
    <ClCompile Include="XML\tinystr.cpp">
      <Filter>XML</Filter>
    </ClCompile>
    <ClCompile Include="XML\tinyxml.cpp">
      <Filter>XML</Filter>
    </ClCompile>
    <ClCompile Include="XML\tinyxmlerror.cpp">
      <Filter>XML</Filter>
    </ClCompile>
    <ClCompile Include="XML\tinyxmlparser.cpp">
      <Filter>XML</Filter>
    </ClCompile>
  </ItemGroup>
  <ItemGroup>
    <ClInclude Include="FAudio.h">
      <Filter>Header Files</Filter>
    </ClInclude>
    <ClInclude Include="FAudioBank.h">
      <Filter>Header Files</Filter>
    </ClInclude>
    <ClInclude Include="FAudioBankArchive.h">
      <Filter>Header Files</Filter>
    </ClInclude>
    <ClInclude Include="FAudioContainer.h">
      <Filter>Header Files</Filter>
    </ClInclude>
    <ClInclude Include="FAudioEngine.h">
      <Filter>Header Files</Filter>
    </ClInclude>
    <ClInclude Include="FAudioEngineHeaders.h">
      <Filter>Header Files</Filter>
    </ClInclude>
    <ClInclude Include="FAudioGroup.h">
      <Filter>Header Files</Filter>
    </ClInclude>
    <ClInclude Include="FAudioInstance.h">
      <Filter>Header Files</Filter>
    </ClInclude>
    <ClInclude Include="FAudioInstanceManager.h">
      <Filter>Header Files</Filter>
    </ClInclude>
    <ClInclude Include="FAudioManager.h">
      <Filter>Header Files</Filter>
    </ClInclude>
    <ClInclude Include="FAudioTemplate.h">
      <Filter>Header Files</Filter>
    </ClInclude>
    <ClInclude Include="FCriticalSectionWrapper.h">
      <Filter>Header Files</Filter>
    </ClInclude>
    <ClInclude Include="FCurve.h">
      <Filter>Header Files</Filter>
    </ClInclude>
    <ClInclude Include="FEffect.h">
      <Filter>Header Files</Filter>
    </ClInclude>
    <ClInclude Include="FEffectFactory.h">
      <Filter>Header Files</Filter>
    </ClInclude>
    <ClInclude Include="FEvent.h">
      <Filter>Header Files</Filter>
    </ClInclude>
    <ClInclude Include="FEventGroup.h">
      <Filter>Header Files</Filter>
    </ClInclude>
    <ClInclude Include="FEventInstance.h">
      <Filter>Header Files</Filter>
    </ClInclude>
    <ClInclude Include="FEventLayer.h">
      <Filter>Header Files</Filter>
    </ClInclude>
    <ClInclude Include="FEventLayerInstance.h">
      <Filter>Header Files</Filter>
    </ClInclude>
    <ClInclude Include="FEventManager.h">
      <Filter>Header Files</Filter>
    </ClInclude>
    <ClInclude Include="FEventParameter.h">
      <Filter>Header Files</Filter>
    </ClInclude>
    <ClInclude Include="FEventProject.h">
      <Filter>Header Files</Filter>
    </ClInclude>
    <ClInclude Include="FEventSystem.h">
      <Filter>Header Files</Filter>
    </ClInclude>
    <ClInclude Include="FExportDecl.h">
      <Filter>Header Files</Filter>
    </ClInclude>
    <ClInclude Include="FGuid.h">
      <Filter>Header Files</Filter>
    </ClInclude>
    <ClInclude Include="FIntervalManager.h">
      <Filter>Header Files</Filter>
    </ClInclude>
    <ClInclude Include="FLog.h">
      <Filter>Header Files</Filter>
    </ClInclude>
    <ClInclude Include="FLogManager.h">
      <Filter>Header Files</Filter>
    </ClInclude>
    <ClInclude Include="FPropCurves.h">
      <Filter>Header Files</Filter>
    </ClInclude>
    <ClInclude Include="FReverb.h">
      <Filter>Header Files</Filter>
    </ClInclude>
    <ClInclude Include="FReverbDataManager.h">
      <Filter>Header Files</Filter>
    </ClInclude>
    <ClInclude Include="FSoundDef.h">
      <Filter>Header Files</Filter>
    </ClInclude>
    <ClInclude Include="FSoundDefArchive.h">
      <Filter>Header Files</Filter>
    </ClInclude>
    <ClInclude Include="FSoundDefManager.h">
      <Filter>Header Files</Filter>
    </ClInclude>
    <ClInclude Include="FSoundInstance.h">
      <Filter>Header Files</Filter>
    </ClInclude>
    <ClInclude Include="FSoundInstanceTemplate.h">
      <Filter>Header Files</Filter>
    </ClInclude>
    <ClInclude Include="FSoundPlayList.h">
      <Filter>Header Files</Filter>
    </ClInclude>
    <ClInclude Include="XML\tinystr.h">
      <Filter>XML</Filter>
    </ClInclude>
    <ClInclude Include="XML\tinyxml.h">
      <Filter>XML</Filter>
    </ClInclude>
    <ClInclude Include="XML\xmlcommon.h">
      <Filter>XML</Filter>
    </ClInclude>
  </ItemGroup>
  <ItemGroup>
    <Text Include="ReadMe.txt" />
  </ItemGroup>
</Project>