<?xml version="1.0" encoding="utf-8"?>
<Project ToolsVersion="4.0" xmlns="http://schemas.microsoft.com/developer/msbuild/2003">
  <ItemGroup>
    <Filter Include="Source Files">
      <UniqueIdentifier>{9ef4bf1a-6e36-4417-8383-9050c6b02947}</UniqueIdentifier>
      <Extensions>cpp;c;cxx;rc;def;r;odl;idl;hpj;bat</Extensions>
    </Filter>
    <Filter Include="Header Files">
      <UniqueIdentifier>{d3d60c2b-f27b-4285-8121-2fe1518b9689}</UniqueIdentifier>
      <Extensions>h;hpp;hxx;hm;inl</Extensions>
    </Filter>
  </ItemGroup>
  <ItemGroup>
    <ClCompile Include="common.cpp">
      <Filter>Source Files</Filter>
    </ClCompile>
    <ClCompile Include="dct64_i386.cpp">
      <Filter>Source Files</Filter>
    </ClCompile>
    <ClCompile Include="decode_2to1.cpp">
      <Filter>Source Files</Filter>
    </ClCompile>
    <ClCompile Include="decode_4to1.cpp">
      <Filter>Source Files</Filter>
    </ClCompile>
    <ClCompile Include="decode_i386.cpp">
      <Filter>Source Files</Filter>
    </ClCompile>
    <ClCompile Include="decode_ntom.cpp">
      <Filter>Source Files</Filter>
    </ClCompile>
    <ClCompile Include="equalizer.cpp">
      <Filter>Source Files</Filter>
    </ClCompile>
    <ClCompile Include="getbits.cpp">
      <Filter>Source Files</Filter>
    </ClCompile>
    <ClCompile Include="layer1.cpp">
      <Filter>Source Files</Filter>
    </ClCompile>
    <ClCompile Include="layer2.cpp">
      <Filter>Source Files</Filter>
    </ClCompile>
    <ClCompile Include="layer3.cpp">
      <Filter>Source Files</Filter>
    </ClCompile>
    <ClCompile Include="mpg123.cpp">
      <Filter>Source Files</Filter>
    </ClCompile>
    <ClCompile Include="readers.cpp">
      <Filter>Source Files</Filter>
    </ClCompile>
    <ClCompile Include="tabinit.cpp">
      <Filter>Source Files</Filter>
    </ClCompile>
  </ItemGroup>
  <ItemGroup>
    <ClInclude Include="common.h">
      <Filter>Header Files</Filter>
    </ClInclude>
    <ClInclude Include="decoder.h">
      <Filter>Header Files</Filter>
    </ClInclude>
    <ClInclude Include="genre.h">
      <Filter>Header Files</Filter>
    </ClInclude>
    <ClInclude Include="getbits.h">
      <Filter>Header Files</Filter>
    </ClInclude>
    <ClInclude Include="huffman.h">
      <Filter>Header Files</Filter>
    </ClInclude>
    <ClInclude Include="l2tables.h">
      <Filter>Header Files</Filter>
    </ClInclude>
    <ClInclude Include="Mp3Lib.h">
      <Filter>Header Files</Filter>
    </ClInclude>
    <ClInclude Include="mpg123.h">
      <Filter>Header Files</Filter>
    </ClInclude>
    <ClInclude Include="readers.h">
      <Filter>Header Files</Filter>
    </ClInclude>
  </ItemGroup>
</Project>