<?xml version="1.0" encoding="utf-8"?>
<Project ToolsVersion="4.0" xmlns="http://schemas.microsoft.com/developer/msbuild/2003">
  <ItemGroup>
    <Filter Include="Source Files">
      <UniqueIdentifier>{908df1b0-339a-4516-9f09-d792dd01ef01}</UniqueIdentifier>
      <Extensions>cpp;c;cxx;rc;def;r;odl;idl;hpj;bat</Extensions>
    </Filter>
    <Filter Include="Header Files">
      <UniqueIdentifier>{c97cb444-a4dd-4a10-a64f-03eeb13ce79d}</UniqueIdentifier>
      <Extensions>h;hpp;hxx;hm;inl</Extensions>
    </Filter>
  </ItemGroup>
  <ItemGroup>
    <ClCompile Include="Source\AM3DSoundBuffer.cpp">
      <Filter>Source Files</Filter>
    </ClCompile>
    <ClCompile Include="Source\AM3DSoundDevice.cpp">
      <Filter>Source Files</Filter>
    </ClCompile>
    <ClCompile Include="Source\AMConfig.cpp">
      <Filter>Source Files</Filter>
    </ClCompile>
    <ClCompile Include="Source\AMEngine.cpp">
      <Filter>Source Files</Filter>
    </ClCompile>
    <ClCompile Include="Source\AMMp3File.cpp">
      <Filter>Source Files</Filter>
    </ClCompile>
    <ClCompile Include="Source\AMOggFile.cpp">
      <Filter>Source Files</Filter>
    </ClCompile>
    <ClCompile Include="Source\AMPI.cpp">
      <Filter>Source Files</Filter>
    </ClCompile>
    <ClCompile Include="Source\AMSoundBuffer.cpp">
      <Filter>Source Files</Filter>
    </ClCompile>
    <ClCompile Include="Source\AMSoundBufferMan.cpp">
      <Filter>Source Files</Filter>
    </ClCompile>
    <ClCompile Include="Source\AMSoundDevice.cpp">
      <Filter>Source Files</Filter>
    </ClCompile>
    <ClCompile Include="Source\AMSoundEngine.cpp">
      <Filter>Source Files</Filter>
    </ClCompile>
    <ClCompile Include="Source\AMSoundStream.cpp">
      <Filter>Source Files</Filter>
    </ClCompile>
    <ClCompile Include="Source\AMSurfaceRenderer.cpp">
      <Filter>Source Files</Filter>
    </ClCompile>
    <ClCompile Include="Source\AMVideoClip.cpp">
      <Filter>Source Files</Filter>
    </ClCompile>
    <ClCompile Include="Source\AMVideoEngine.cpp">
      <Filter>Source Files</Filter>
    </ClCompile>
    <ClCompile Include="Source\AMWaveFile.cpp">
      <Filter>Source Files</Filter>
    </ClCompile>
    <ClCompile Include="Source\FFT.cpp">
      <Filter>Source Files</Filter>
    </ClCompile>
  </ItemGroup>
  <ItemGroup>
    <ClInclude Include="Header\AM.h">
      <Filter>Header Files</Filter>
    </ClInclude>
    <ClInclude Include="Header\AM3DSoundBuffer.h">
      <Filter>Header Files</Filter>
    </ClInclude>
    <ClInclude Include="Header\AM3DSoundDevice.h">
      <Filter>Header Files</Filter>
    </ClInclude>
    <ClInclude Include="Header\AMConfig.h">
      <Filter>Header Files</Filter>
    </ClInclude>
    <ClInclude Include="Header\AMEngine.h">
      <Filter>Header Files</Filter>
    </ClInclude>
    <ClInclude Include="Header\AMMp3File.h">
      <Filter>Header Files</Filter>
    </ClInclude>
    <ClInclude Include="Header\AMOggFile.h">
      <Filter>Header Files</Filter>
    </ClInclude>
    <ClInclude Include="Header\AMPI.h">
      <Filter>Header Files</Filter>
    </ClInclude>
    <ClInclude Include="Header\AMPlatform.h">
      <Filter>Header Files</Filter>
    </ClInclude>
    <ClInclude Include="Header\AMSoundBuffer.h">
      <Filter>Header Files</Filter>
    </ClInclude>
    <ClInclude Include="Header\AMSoundBufferMan.h">
      <Filter>Header Files</Filter>
    </ClInclude>
    <ClInclude Include="Header\AMSoundDevice.h">
      <Filter>Header Files</Filter>
    </ClInclude>
    <ClInclude Include="Header\AMSoundEngine.h">
      <Filter>Header Files</Filter>
    </ClInclude>
    <ClInclude Include="Header\AMSoundStream.h">
      <Filter>Header Files</Filter>
    </ClInclude>
    <ClInclude Include="Header\AMSurfaceRenderer.h">
      <Filter>Header Files</Filter>
    </ClInclude>
    <ClInclude Include="Header\AMTypes.h">
      <Filter>Header Files</Filter>
    </ClInclude>
    <ClInclude Include="Header\AMVideoClip.h">
      <Filter>Header Files</Filter>
    </ClInclude>
    <ClInclude Include="Header\AMVideoEngine.h">
      <Filter>Header Files</Filter>
    </ClInclude>
    <ClInclude Include="Header\AMWaveFile.h">
      <Filter>Header Files</Filter>
    </ClInclude>
    <ClInclude Include="Header\FFT.h">
      <Filter>Header Files</Filter>
    </ClInclude>
  </ItemGroup>
</Project>