<?xml version="1.0" encoding="utf-8"?>
<Project ToolsVersion="4.0" xmlns="http://schemas.microsoft.com/developer/msbuild/2003">
  <ItemGroup>
    <Filter Include="Source Files">
      <UniqueIdentifier>{5b804df4-98d8-4395-837e-7adbffd25f12}</UniqueIdentifier>
      <Extensions>cpp;c;cxx;rc;def;r;odl;idl;hpj;bat</Extensions>
    </Filter>
    <Filter Include="Header Files">
      <UniqueIdentifier>{23936ae8-0c1f-49b2-8124-54d784b460b2}</UniqueIdentifier>
      <Extensions>h;hpp;hxx;hm;inl</Extensions>
    </Filter>
  </ItemGroup>
  <ItemGroup>
    <ClCompile Include="Source\ADir.cpp">
      <Filter>Source Files</Filter>
    </ClCompile>
    <ClCompile Include="Source\ADirImage.cpp">
      <Filter>Source Files</Filter>
    </ClCompile>
    <ClCompile Include="Source\AFI.cpp">
      <Filter>Source Files</Filter>
    </ClCompile>
    <ClCompile Include="Source\AFile.cpp">
      <Filter>Source Files</Filter>
    </ClCompile>
    <ClCompile Include="Source\AFileImage.cpp">
      <Filter>Source Files</Filter>
    </ClCompile>
    <ClCompile Include="Source\AFilePackage.cpp">
      <Filter>Source Files</Filter>
    </ClCompile>
    <ClCompile Include="Source\AFilePackBase.cpp">
      <Filter>Source Files</Filter>
    </ClCompile>
    <ClCompile Include="Source\AFilePackGame.cpp">
      <Filter>Source Files</Filter>
    </ClCompile>
    <ClCompile Include="Source\AFilePackMan.cpp">
      <Filter>Source Files</Filter>
    </ClCompile>
    <ClCompile Include="Source\AFileUnicode.cpp">
      <Filter>Source Files</Filter>
    </ClCompile>
    <ClCompile Include="Source\AIniFile.cpp">
      <Filter>Source Files</Filter>
    </ClCompile>
    <ClCompile Include="Source\AMemFile.cpp">
      <Filter>Source Files</Filter>
    </ClCompile>
    <ClCompile Include="Source\AScriptFile.cpp">
      <Filter>Source Files</Filter>
    </ClCompile>
    <ClCompile Include="Source\ATextTabFile.cpp">
      <Filter>Source Files</Filter>
    </ClCompile>
    <ClCompile Include="Source\AWIniFile.cpp">
      <Filter>Source Files</Filter>
    </ClCompile>
    <ClCompile Include="Source\AWScriptFile.cpp">
      <Filter>Source Files</Filter>
    </ClCompile>
  </ItemGroup>
  <ItemGroup>
    <ClInclude Include="Header\ADir.h">
      <Filter>Header Files</Filter>
    </ClInclude>
    <ClInclude Include="Header\ADirImage.h">
      <Filter>Header Files</Filter>
    </ClInclude>
    <ClInclude Include="Header\AF.h">
      <Filter>Header Files</Filter>
    </ClInclude>
    <ClInclude Include="Header\AFI.h">
      <Filter>Header Files</Filter>
    </ClInclude>
    <ClInclude Include="Header\AFile.h">
      <Filter>Header Files</Filter>
    </ClInclude>
    <ClInclude Include="Header\AFileImage.h">
      <Filter>Header Files</Filter>
    </ClInclude>
    <ClInclude Include="Header\AFilePackage.h">
      <Filter>Header Files</Filter>
    </ClInclude>
    <ClInclude Include="Header\AFilePackBase.h">
      <Filter>Header Files</Filter>
    </ClInclude>
    <ClInclude Include="Header\AFilePackGame.h">
      <Filter>Header Files</Filter>
    </ClInclude>
    <ClInclude Include="Header\AFilePackMan.h">
      <Filter>Header Files</Filter>
    </ClInclude>
    <ClInclude Include="Header\AFileUnicode.h">
      <Filter>Header Files</Filter>
    </ClInclude>
    <ClInclude Include="Header\AFPI.h">
      <Filter>Header Files</Filter>
    </ClInclude>
    <ClInclude Include="Header\AFPlatform.h">
      <Filter>Header Files</Filter>
    </ClInclude>
    <ClInclude Include="Header\AIniFile.h">
      <Filter>Header Files</Filter>
    </ClInclude>
    <ClInclude Include="Header\AMemFile.h">
      <Filter>Header Files</Filter>
    </ClInclude>
    <ClInclude Include="Header\AScriptFile.h">
      <Filter>Header Files</Filter>
    </ClInclude>
    <ClInclude Include="Header\ATextTabFile.h">
      <Filter>Header Files</Filter>
    </ClInclude>
    <ClInclude Include="Header\AWIniFile.h">
      <Filter>Header Files</Filter>
    </ClInclude>
    <ClInclude Include="Header\AWScriptFile.h">
      <Filter>Header Files</Filter>
    </ClInclude>
  </ItemGroup>
</Project>