<?xml version="1.0" encoding="utf-8"?>
<Project ToolsVersion="4.0" xmlns="http://schemas.microsoft.com/developer/msbuild/2003">
  <ItemGroup>
    <Filter Include="Source Files">
      <UniqueIdentifier>{4FC737F1-C7A5-4376-A066-2A32D752A2FF}</UniqueIdentifier>
      <Extensions>cpp;c;cc;cxx;c++;cppm;ixx;def;odl;idl;hpj;bat;asm;asmx</Extensions>
    </Filter>
    <Filter Include="Header Files">
      <UniqueIdentifier>{93995380-89BD-4b04-88EB-625FBE52EBFB}</UniqueIdentifier>
      <Extensions>h;hh;hpp;hxx;h++;hm;inl;inc;ipp;xsd</Extensions>
    </Filter>
    <Filter Include="Resource Files">
      <UniqueIdentifier>{67DA6AB6-F800-4c08-8B7A-83BB121AAD01}</UniqueIdentifier>
      <Extensions>rc;ico;cur;bmp;dlg;rc2;rct;bin;rgs;gif;jpg;jpeg;jpe;resx;tiff;tif;png;wav;mfcribbon-ms</Extensions>
    </Filter>
  </ItemGroup>
  <ItemGroup>
    <ClCompile Include="CriticalSession.cpp">
      <Filter>Source Files</Filter>
    </ClCompile>
    <ClCompile Include="FTDriverDLL.cpp">
      <Filter>Source Files</Filter>
    </ClCompile>
    <ClCompile Include="FTFont.cpp">
      <Filter>Source Files</Filter>
    </ClCompile>
    <ClCompile Include="FTGlyphCache.cpp">
      <Filter>Source Files</Filter>
    </ClCompile>
    <ClCompile Include="FTManager.cpp">
      <Filter>Source Files</Filter>
    </ClCompile>
    <ClCompile Include="MyFTCache.cpp">
      <Filter>Source Files</Filter>
    </ClCompile>
    <ClCompile Include="MyRaster.cpp">
      <Filter>Source Files</Filter>
    </ClCompile>
    <ClCompile Include="StdAfx.cpp">
      <Filter>Source Files</Filter>
    </ClCompile>
    <ClCompile Include="WTFont.cpp">
      <Filter>Source Files</Filter>
    </ClCompile>
  </ItemGroup>
  <ItemGroup>
    <ClInclude Include="CriticalSession.h">
      <Filter>Header Files</Filter>
    </ClInclude>
    <ClInclude Include="FTDriverDLL.h">
      <Filter>Header Files</Filter>
    </ClInclude>
    <ClInclude Include="FTFont.h">
      <Filter>Header Files</Filter>
    </ClInclude>
    <ClInclude Include="FTGlyphCache.h">
      <Filter>Header Files</Filter>
    </ClInclude>
    <ClInclude Include="FTHelper.h">
      <Filter>Header Files</Filter>
    </ClInclude>
    <ClInclude Include="FTInterface.h">
      <Filter>Header Files</Filter>
    </ClInclude>
    <ClInclude Include="FTManager.h">
      <Filter>Header Files</Filter>
    </ClInclude>
    <ClInclude Include="MyFTCache.h">
      <Filter>Header Files</Filter>
    </ClInclude>
    <ClInclude Include="MyRaster.h">
      <Filter>Header Files</Filter>
    </ClInclude>
    <ClInclude Include="StdAfx.h">
      <Filter>Header Files</Filter>
    </ClInclude>
    <ClInclude Include="WTFont.h">
      <Filter>Header Files</Filter>
    </ClInclude>
  </ItemGroup>
  <ItemGroup>
    <None Include="FTDriverDLL.dsp" />
    <None Include="WTFont.inl">
      <Filter>Header Files</Filter>
    </None>
  </ItemGroup>
</Project>