<?xml version="1.0" encoding="utf-8"?>
<Project ToolsVersion="4.0" xmlns="http://schemas.microsoft.com/developer/msbuild/2003">
  <ItemGroup>
    <Filter Include="Source Files">
      <UniqueIdentifier>{b813cf60-204d-45d0-afd6-4bd90943e7bb}</UniqueIdentifier>
      <Extensions>cpp;c;cxx;rc;def;r;odl;idl;hpj;bat</Extensions>
    </Filter>
    <Filter Include="Header Files">
      <UniqueIdentifier>{294cb6a8-fcb1-4922-b9a9-bbab24f5ed5e}</UniqueIdentifier>
      <Extensions>h;hpp;hxx;hm;inl</Extensions>
    </Filter>
  </ItemGroup>
  <ItemGroup>
    <ClCompile Include="Debugger.cpp">
      <Filter>Source Files</Filter>
    </ClCompile>
    <ClCompile Include="LD_NameValue.cpp">
      <Filter>Source Files</Filter>
    </ClCompile>
    <ClCompile Include="LuaAPI.cpp">
      <Filter>Source Files</Filter>
    </ClCompile>
    <ClCompile Include="LuaDebug.cpp">
      <Filter>Source Files</Filter>
    </ClCompile>
    <ClCompile Include="LuaDebugHelper.cpp">
      <Filter>Source Files</Filter>
    </ClCompile>
    <ClCompile Include="LuaDebugIPC.cpp">
      <Filter>Source Files</Filter>
    </ClCompile>
    <ClCompile Include="LuaDebugMsg.cpp">
      <Filter>Source Files</Filter>
    </ClCompile>
    <ClCompile Include="LuaMemTbl.cpp">
      <Filter>Source Files</Filter>
    </ClCompile>
    <ClCompile Include="LuaScript.cpp">
      <Filter>Source Files</Filter>
    </ClCompile>
    <ClCompile Include="LuaState.cpp">
      <Filter>Source Files</Filter>
    </ClCompile>
    <ClCompile Include="LuaUtil.cpp">
      <Filter>Source Files</Filter>
    </ClCompile>
    <ClCompile Include="ScriptValue.cpp">
      <Filter>Source Files</Filter>
    </ClCompile>
  </ItemGroup>
  <ItemGroup>
    <ClInclude Include="ATString.h">
      <Filter>Header Files</Filter>
    </ClInclude>
    <ClInclude Include="Debugger.h">
      <Filter>Header Files</Filter>
    </ClInclude>
    <ClInclude Include="LD_NameValue.h">
      <Filter>Header Files</Filter>
    </ClInclude>
    <ClInclude Include="LuaAPI.h">
      <Filter>Header Files</Filter>
    </ClInclude>
    <ClInclude Include="LuaDebug.h">
      <Filter>Header Files</Filter>
    </ClInclude>
    <ClInclude Include="LuaDebugHelper.h">
      <Filter>Header Files</Filter>
    </ClInclude>
    <ClInclude Include="LuaDebugIPC.h">
      <Filter>Header Files</Filter>
    </ClInclude>
    <ClInclude Include="LuaDebugMsg.h">
      <Filter>Header Files</Filter>
    </ClInclude>
    <ClInclude Include="LuaMemTbl.h">
      <Filter>Header Files</Filter>
    </ClInclude>
    <ClInclude Include="LuaScript.h">
      <Filter>Header Files</Filter>
    </ClInclude>
    <ClInclude Include="LuaState.h">
      <Filter>Header Files</Filter>
    </ClInclude>
    <ClInclude Include="LuaUtil.h">
      <Filter>Header Files</Filter>
    </ClInclude>
    <ClInclude Include="ScriptValue.h">
      <Filter>Header Files</Filter>
    </ClInclude>
  </ItemGroup>
</Project>