<?xml version="1.0" encoding="utf-8"?>
<Project ToolsVersion="4.0" xmlns="http://schemas.microsoft.com/developer/msbuild/2003">
  <ItemGroup>
    <Filter Include="Source Files">
      <UniqueIdentifier>{88c526f7-c3b2-46b9-81d8-d07c30605b2f}</UniqueIdentifier>
      <Extensions>cpp;c;cxx;rc;def;r;odl;idl;hpj;bat</Extensions>
    </Filter>
    <Filter Include="Header Files">
      <UniqueIdentifier>{28bfc2ea-82ee-4d8c-9e63-b370e9e1769e}</UniqueIdentifier>
      <Extensions>h;hpp;hxx;hm;inl</Extensions>
    </Filter>
  </ItemGroup>
  <ItemGroup>
    <ClCompile Include="CluCommon.cpp">
      <Filter>Source Files</Filter>
    </ClCompile>
    <ClCompile Include="CluGraph.cpp">
      <Filter>Source Files</Filter>
    </ClCompile>
    <ClCompile Include="CluGraphConnector.cpp">
      <Filter>Source Files</Filter>
    </ClCompile>
    <ClCompile Include="ClusterAbstraction.cpp">
      <Filter>Source Files</Filter>
    </ClCompile>
    <ClCompile Include="GAStar.cpp">
      <Filter>Source Files</Filter>
    </ClCompile>
    <ClCompile Include="GHeap.cpp">
      <Filter>Source Files</Filter>
    </ClCompile>
    <ClCompile Include="Graph.cpp">
      <Filter>Source Files</Filter>
    </ClCompile>
    <ClCompile Include="Island.cpp">
      <Filter>Source Files</Filter>
    </ClCompile>
    <ClCompile Include="LayerMap.cpp">
      <Filter>Source Files</Filter>
    </ClCompile>
    <ClCompile Include="MapGraph.cpp">
      <Filter>Source Files</Filter>
    </ClCompile>
    <ClCompile Include="MapNode.cpp">
      <Filter>Source Files</Filter>
    </ClCompile>
    <ClCompile Include="MAStar.cpp">
      <Filter>Source Files</Filter>
    </ClCompile>
    <ClCompile Include="MoveAgent.cpp">
      <Filter>Source Files</Filter>
    </ClCompile>
    <ClCompile Include="MoveMap.cpp">
      <Filter>Source Files</Filter>
    </ClCompile>
    <ClCompile Include="MultiCluGraph.cpp">
      <Filter>Source Files</Filter>
    </ClCompile>
    <ClCompile Include="OptimizePath.cpp">
      <Filter>Source Files</Filter>
    </ClCompile>
    <ClCompile Include="PfClu.cpp">
      <Filter>Source Files</Filter>
    </ClCompile>
    <ClCompile Include="PfConstant.cpp">
      <Filter>Source Files</Filter>
    </ClCompile>
  </ItemGroup>
  <ItemGroup>
    <ClInclude Include="bitimage.h">
      <Filter>Header Files</Filter>
    </ClInclude>
    <ClInclude Include="blockimage.h">
      <Filter>Header Files</Filter>
    </ClInclude>
    <ClInclude Include="CluCommon.h">
      <Filter>Header Files</Filter>
    </ClInclude>
    <ClInclude Include="CluGraph.h">
      <Filter>Header Files</Filter>
    </ClInclude>
    <ClInclude Include="CluGraphConnector.h">
      <Filter>Header Files</Filter>
    </ClInclude>
    <ClInclude Include="ClusterAbstraction.h">
      <Filter>Header Files</Filter>
    </ClInclude>
    <ClInclude Include="GAStar.h">
      <Filter>Header Files</Filter>
    </ClInclude>
    <ClInclude Include="GHeap.h">
      <Filter>Header Files</Filter>
    </ClInclude>
    <ClInclude Include="Graph.h">
      <Filter>Header Files</Filter>
    </ClInclude>
    <ClInclude Include="Island.h">
      <Filter>Header Files</Filter>
    </ClInclude>
    <ClInclude Include="JointList.h">
      <Filter>Header Files</Filter>
    </ClInclude>
    <ClInclude Include="LayerMap.h">
      <Filter>Header Files</Filter>
    </ClInclude>
    <ClInclude Include="MapGraph.h">
      <Filter>Header Files</Filter>
    </ClInclude>
    <ClInclude Include="MapNode.h">
      <Filter>Header Files</Filter>
    </ClInclude>
    <ClInclude Include="MAStar.h">
      <Filter>Header Files</Filter>
    </ClInclude>
    <ClInclude Include="MoveAgent.h">
      <Filter>Header Files</Filter>
    </ClInclude>
    <ClInclude Include="MoveMap.h">
      <Filter>Header Files</Filter>
    </ClInclude>
    <ClInclude Include="MultiCluGraph.h">
      <Filter>Header Files</Filter>
    </ClInclude>
    <ClInclude Include="OptimizePath.h">
      <Filter>Header Files</Filter>
    </ClInclude>
    <ClInclude Include="PfClu.h">
      <Filter>Header Files</Filter>
    </ClInclude>
    <ClInclude Include="PfConstant.h">
      <Filter>Header Files</Filter>
    </ClInclude>
  </ItemGroup>
</Project>